
Microsoft Visual Studio Solution File, Format Version 12.00
# Visual Studio Version 17
VisualStudioVersion = 17.9.34701.34
MinimumVisualStudioVersion = 10.0.40219.1
Project("{FAE04EC0-301F-11D3-BF4B-00C04F79EFBC}") = "ProjeApi", "ProjeApi\ProjeApi.csproj", "{198CB8DA-8555-4167-BE35-FEE690889C6C}"
EndProject
Global
	GlobalSection(SolutionConfigurationPlatforms) = preSolution
		Debug|Any CPU = Debug|Any CPU
		Release|Any CPU = Release|Any CPU
	EndGlobalSection
	GlobalSection(ProjectConfigurationPlatforms) = postSolution
		{198CB8DA-8555-4167-BE35-FEE690889C6C}.Debug|Any CPU.ActiveCfg = Debug|Any CPU
		{198CB8DA-8555-4167-BE35-FEE690889C6C}.Debug|Any CPU.Build.0 = Debug|Any CPU
		{198CB8DA-8555-4167-BE35-FEE690889C6C}.Release|Any CPU.ActiveCfg = Release|Any CPU
		{198CB8DA-8555-4167-BE35-FEE690889C6C}.Release|Any CPU.Build.0 = Release|Any CPU
	EndGlobalSection
	GlobalSection(SolutionProperties) = preSolution
		HideSolutionNode = FALSE
	EndGlobalSection
	GlobalSection(ExtensibilityGlobals) = postSolution
		SolutionGuid = {E891A9EB-945A-4350-B4A1-CEF73F0738E2}
	EndGlobalSection
EndGlobal
